
Microsoft Visual Studio Solution File, Format Version 12.00
# Visual Studio 15
VisualStudioVersion = 15.0.27428.2015
MinimumVisualStudioVersion = 10.0.40219.1
Project("{9A19103F-16F7-4668-BE54-9A1E7A4F7556}") = "Bif4.Schiermayer.MyApp", "Bif4.Schiermayer.MyApp.csproj", "{92AAEEA4-67B6-4A4A-A623-E76E71DDC0EF}"
EndProject
Global
	GlobalSection(SolutionConfigurationPlatforms) = preSolution
		Debug|Any CPU = Debug|Any CPU
		Release|Any CPU = Release|Any CPU
	EndGlobalSection
	GlobalSection(ProjectConfigurationPlatforms) = postSolution
		{92AAEEA4-67B6-4A4A-A623-E76E71DDC0EF}.Debug|Any CPU.ActiveCfg = Debug|Any CPU
		{92AAEEA4-67B6-4A4A-A623-E76E71DDC0EF}.Debug|Any CPU.Build.0 = Debug|Any CPU
		{92AAEEA4-67B6-4A4A-A623-E76E71DDC0EF}.Release|Any CPU.ActiveCfg = Release|Any CPU
		{92AAEEA4-67B6-4A4A-A623-E76E71DDC0EF}.Release|Any CPU.Build.0 = Release|Any CPU
	EndGlobalSection
	GlobalSection(SolutionProperties) = preSolution
		HideSolutionNode = FALSE
	EndGlobalSection
	GlobalSection(ExtensibilityGlobals) = postSolution
		SolutionGuid = {177F41C1-E44D-4EE7-9CB4-DC5DA27B1FF7}
	EndGlobalSection
EndGlobal
